{
  "version": 4,
  "terraform_version": "1.3.3",
  "serial": 33,
  "lineage": "30a98c22-60e4-1ef6-744e-55256bf99fe6",
  "outputs": {
    "nginx_hosts": {
      "value": [
        {
          "host": "0.0.0.0:8000",
          "name": "nginx-notable-kid-0"
        },
        {
          "host": "0.0.0.0:8001",
          "name": "nginx-notable-kid-1"
        },
        {
          "host": "0.0.0.0:8002",
          "name": "nginx-notable-kid-2"
        },
        {
          "host": "0.0.0.0:8003",
          "name": "nginx-notable-kid-3"
        }
      ],
      "type": [
        "tuple",
        [
          [
            "object",
            {
              "host": "string",
              "name": "string"
            }
          ],
          [
            "object",
            {
              "host": "string",
              "name": "string"
            }
          ],
          [
            "object",
            {
              "host": "string",
              "name": "string"
            }
          ],
          [
            "object",
            {
              "host": "string",
              "name": "string"
            }
          ]
        ]
      ]
    }
  },
  "resources": [
    {
      "mode": "managed",
      "type": "docker_container",
      "name": "nginx",
      "provider": "provider[\"registry.terraform.io/kreuzwerker/docker\"]",
      "instances": [
        {
          "index_key": 0,
          "schema_version": 2,
          "attributes": {
            "attach": false,
            "bridge": "",
            "capabilities": [],
            "command": [
              "nginx",
              "-g",
              "daemon off;"
            ],
            "container_logs": null,
            "container_read_refresh_timeout_milliseconds": 15000,
            "cpu_set": "",
            "cpu_shares": 0,
            "destroy_grace_seconds": null,
            "devices": [],
            "dns": [],
            "dns_opts": [],
            "dns_search": [],
            "domainname": "",
            "entrypoint": [
              "/docker-entrypoint.sh"
            ],
            "env": [],
            "exit_code": null,
            "gateway": "172.17.0.1",
            "gpus": null,
            "group_add": [],
            "healthcheck": [],
            "host": [],
            "hostname": "31f00c538e3f",
            "id": "31f00c538e3f6ab28ade9d620449e79c51259612f67778ec5dcf336f9729107e",
            "image": "sha256:5d58c024174dd06df1c4d41d8d44b485e3080422374971005270588204ca3b82",
            "init": false,
            "ip_address": "172.17.0.6",
            "ip_prefix_length": 16,
            "ipc_mode": "private",
            "labels": [],
            "links": [],
            "log_driver": "json-file",
            "log_opts": {},
            "logs": false,
            "max_retry_count": 0,
            "memory": 0,
            "memory_swap": 0,
            "mounts": [],
            "must_run": true,
            "name": "nginx-notable-kid-0",
            "network_alias": null,
            "network_data": [
              {
                "gateway": "172.17.0.1",
                "global_ipv6_address": "",
                "global_ipv6_prefix_length": 0,
                "ip_address": "172.17.0.6",
                "ip_prefix_length": 16,
                "ipv6_gateway": "",
                "network_name": "bridge"
              }
            ],
            "network_mode": "default",
            "networks": null,
            "networks_advanced": [],
            "pid_mode": "",
            "ports": [
              {
                "external": 8000,
                "internal": 80,
                "ip": "0.0.0.0",
                "protocol": "tcp"
              }
            ],
            "privileged": false,
            "publish_all_ports": false,
            "read_only": false,
            "remove_volumes": true,
            "restart": "no",
            "rm": false,
            "runtime": "runc",
            "security_opts": [],
            "shm_size": 64,
            "start": true,
            "stdin_open": false,
            "stop_signal": "SIGQUIT",
            "stop_timeout": 0,
            "storage_opts": {},
            "sysctls": {},
            "tmpfs": {},
            "tty": false,
            "ulimit": [],
            "upload": [],
            "user": "",
            "userns_mode": "",
            "volumes": [],
            "working_dir": ""
          },
          "sensitive_attributes": [],
          "private": "eyJzY2hlbWFfdmVyc2lvbiI6IjIifQ==",
          "dependencies": [
            "docker_image.nginx",
            "random_pet.nginx"
          ]
        },
        {
          "index_key": 1,
          "schema_version": 2,
          "attributes": {
            "attach": false,
            "bridge": "",
            "capabilities": [],
            "command": [
              "nginx",
              "-g",
              "daemon off;"
            ],
            "container_logs": null,
            "container_read_refresh_timeout_milliseconds": 15000,
            "cpu_set": "",
            "cpu_shares": 0,
            "destroy_grace_seconds": null,
            "devices": [],
            "dns": null,
            "dns_opts": null,
            "dns_search": null,
            "domainname": "",
            "entrypoint": [
              "/docker-entrypoint.sh"
            ],
            "env": [],
            "exit_code": null,
            "gateway": "172.17.0.1",
            "gpus": null,
            "group_add": null,
            "healthcheck": null,
            "host": [],
            "hostname": "ec99f64fbf7e",
            "id": "ec99f64fbf7ea17ea04622a5397fadc42aa364bac6e9c178c0e993d52fffe4db",
            "image": "sha256:5d58c024174dd06df1c4d41d8d44b485e3080422374971005270588204ca3b82",
            "init": false,
            "ip_address": "172.17.0.5",
            "ip_prefix_length": 16,
            "ipc_mode": "private",
            "labels": [],
            "links": null,
            "log_driver": "json-file",
            "log_opts": null,
            "logs": false,
            "max_retry_count": 0,
            "memory": 0,
            "memory_swap": 0,
            "mounts": [],
            "must_run": true,
            "name": "nginx-notable-kid-1",
            "network_alias": null,
            "network_data": [
              {
                "gateway": "172.17.0.1",
                "global_ipv6_address": "",
                "global_ipv6_prefix_length": 0,
                "ip_address": "172.17.0.5",
                "ip_prefix_length": 16,
                "ipv6_gateway": "",
                "network_name": "bridge"
              }
            ],
            "network_mode": "default",
            "networks": null,
            "networks_advanced": [],
            "pid_mode": "",
            "ports": [
              {
                "external": 8001,
                "internal": 80,
                "ip": "0.0.0.0",
                "protocol": "tcp"
              }
            ],
            "privileged": false,
            "publish_all_ports": false,
            "read_only": false,
            "remove_volumes": true,
            "restart": "no",
            "rm": false,
            "runtime": "runc",
            "security_opts": [],
            "shm_size": 64,
            "start": true,
            "stdin_open": false,
            "stop_signal": "SIGQUIT",
            "stop_timeout": 0,
            "storage_opts": null,
            "sysctls": null,
            "tmpfs": null,
            "tty": false,
            "ulimit": [],
            "upload": [],
            "user": "",
            "userns_mode": "",
            "volumes": [],
            "working_dir": ""
          },
          "sensitive_attributes": [],
          "private": "eyJzY2hlbWFfdmVyc2lvbiI6IjIifQ==",
          "dependencies": [
            "docker_image.nginx",
            "random_pet.nginx"
          ]
        },
        {
          "index_key": 2,
          "schema_version": 2,
          "attributes": {
            "attach": false,
            "bridge": "",
            "capabilities": [],
            "command": [
              "nginx",
              "-g",
              "daemon off;"
            ],
            "container_logs": null,
            "container_read_refresh_timeout_milliseconds": 15000,
            "cpu_set": "",
            "cpu_shares": 0,
            "destroy_grace_seconds": null,
            "devices": [],
            "dns": [],
            "dns_opts": [],
            "dns_search": [],
            "domainname": "",
            "entrypoint": [
              "/docker-entrypoint.sh"
            ],
            "env": [],
            "exit_code": null,
            "gateway": "172.17.0.1",
            "gpus": null,
            "group_add": [],
            "healthcheck": [],
            "host": [],
            "hostname": "b4c27ef4f52c",
            "id": "b4c27ef4f52c8b114962d4249deb9333f4856e723930651b317b5c223829666a",
            "image": "sha256:5d58c024174dd06df1c4d41d8d44b485e3080422374971005270588204ca3b82",
            "init": false,
            "ip_address": "172.17.0.4",
            "ip_prefix_length": 16,
            "ipc_mode": "private",
            "labels": [],
            "links": [],
            "log_driver": "json-file",
            "log_opts": {},
            "logs": false,
            "max_retry_count": 0,
            "memory": 0,
            "memory_swap": 0,
            "mounts": [],
            "must_run": true,
            "name": "nginx-notable-kid-2",
            "network_alias": null,
            "network_data": [
              {
                "gateway": "172.17.0.1",
                "global_ipv6_address": "",
                "global_ipv6_prefix_length": 0,
                "ip_address": "172.17.0.4",
                "ip_prefix_length": 16,
                "ipv6_gateway": "",
                "network_name": "bridge"
              }
            ],
            "network_mode": "default",
            "networks": null,
            "networks_advanced": [],
            "pid_mode": "",
            "ports": [
              {
                "external": 8002,
                "internal": 80,
                "ip": "0.0.0.0",
                "protocol": "tcp"
              }
            ],
            "privileged": false,
            "publish_all_ports": false,
            "read_only": false,
            "remove_volumes": true,
            "restart": "no",
            "rm": false,
            "runtime": "runc",
            "security_opts": [],
            "shm_size": 64,
            "start": true,
            "stdin_open": false,
            "stop_signal": "SIGQUIT",
            "stop_timeout": 0,
            "storage_opts": {},
            "sysctls": {},
            "tmpfs": {},
            "tty": false,
            "ulimit": [],
            "upload": [],
            "user": "",
            "userns_mode": "",
            "volumes": [],
            "working_dir": ""
          },
          "sensitive_attributes": [],
          "private": "eyJzY2hlbWFfdmVyc2lvbiI6IjIifQ==",
          "dependencies": [
            "docker_image.nginx",
            "random_pet.nginx"
          ]
        },
        {
          "index_key": 3,
          "schema_version": 2,
          "attributes": {
            "attach": false,
            "bridge": "",
            "capabilities": [],
            "command": [
              "nginx",
              "-g",
              "daemon off;"
            ],
            "container_logs": null,
            "container_read_refresh_timeout_milliseconds": 15000,
            "cpu_set": "",
            "cpu_shares": 0,
            "destroy_grace_seconds": null,
            "devices": [],
            "dns": [],
            "dns_opts": [],
            "dns_search": [],
            "domainname": "",
            "entrypoint": [
              "/docker-entrypoint.sh"
            ],
            "env": [],
            "exit_code": null,
            "gateway": "172.17.0.1",
            "gpus": null,
            "group_add": [],
            "healthcheck": [],
            "host": [],
            "hostname": "bf7e4ab04248",
            "id": "bf7e4ab042482bb32df106144c432a0bb95d40f286e454a3b2316c3369bc25ea",
            "image": "sha256:5d58c024174dd06df1c4d41d8d44b485e3080422374971005270588204ca3b82",
            "init": false,
            "ip_address": "172.17.0.3",
            "ip_prefix_length": 16,
            "ipc_mode": "private",
            "labels": [],
            "links": [],
            "log_driver": "json-file",
            "log_opts": {},
            "logs": false,
            "max_retry_count": 0,
            "memory": 0,
            "memory_swap": 0,
            "mounts": [],
            "must_run": true,
            "name": "nginx-notable-kid-3",
            "network_alias": null,
            "network_data": [
              {
                "gateway": "172.17.0.1",
                "global_ipv6_address": "",
                "global_ipv6_prefix_length": 0,
                "ip_address": "172.17.0.3",
                "ip_prefix_length": 16,
                "ipv6_gateway": "",
                "network_name": "bridge"
              }
            ],
            "network_mode": "default",
            "networks": null,
            "networks_advanced": [],
            "pid_mode": "",
            "ports": [
              {
                "external": 8003,
                "internal": 80,
                "ip": "0.0.0.0",
                "protocol": "tcp"
              }
            ],
            "privileged": false,
            "publish_all_ports": false,
            "read_only": false,
            "remove_volumes": true,
            "restart": "no",
            "rm": false,
            "runtime": "runc",
            "security_opts": [],
            "shm_size": 64,
            "start": true,
            "stdin_open": false,
            "stop_signal": "SIGQUIT",
            "stop_timeout": 0,
            "storage_opts": {},
            "sysctls": {},
            "tmpfs": {},
            "tty": false,
            "ulimit": [],
            "upload": [],
            "user": "",
            "userns_mode": "",
            "volumes": [],
            "working_dir": ""
          },
          "sensitive_attributes": [],
          "private": "eyJzY2hlbWFfdmVyc2lvbiI6IjIifQ==",
          "dependencies": [
            "docker_image.nginx",
            "random_pet.nginx"
          ]
        }
      ]
    },
    {
      "mode": "managed",
      "type": "docker_image",
      "name": "nginx",
      "provider": "provider[\"registry.terraform.io/kreuzwerker/docker\"]",
      "instances": [
        {
          "schema_version": 0,
          "attributes": {
            "build": [],
            "force_remove": null,
            "id": "sha256:5d58c024174dd06df1c4d41d8d44b485e3080422374971005270588204ca3b82nginx:latest",
            "image_id": "sha256:5d58c024174dd06df1c4d41d8d44b485e3080422374971005270588204ca3b82",
            "keep_locally": true,
            "latest": "sha256:5d58c024174dd06df1c4d41d8d44b485e3080422374971005270588204ca3b82",
            "name": "nginx:latest",
            "output": null,
            "pull_trigger": null,
            "pull_triggers": null,
            "repo_digest": "nginx@sha256:5ffb682b98b0362b66754387e86b0cd31a5cb7123e49e7f6f6617690900d20b2",
            "triggers": null
          },
          "sensitive_attributes": [],
          "private": "bnVsbA=="
        }
      ]
    },
    {
      "mode": "managed",
      "type": "random_pet",
      "name": "nginx",
      "provider": "provider[\"registry.terraform.io/hashicorp/random\"]",
      "instances": [
        {
          "schema_version": 0,
          "attributes": {
            "id": "notable-kid",
            "keepers": null,
            "length": 2,
            "prefix": null,
            "separator": "-"
          },
          "sensitive_attributes": [],
          "private": "bnVsbA=="
        }
      ]
    }
  ],
  "check_results": []
}
